
Microsoft Visual Studio Solution File, Format Version 12.00
# Visual Studio Version 17
VisualStudioVersion = 17.0.32112.339
MinimumVisualStudioVersion = 10.0.40219.1
Project("{FAE04EC0-301F-11D3-BF4B-00C04F79EFBC}") = "AutoCenter", "AutoCenter\AutoCenter.csproj", "{FC66FB4C-AC6E-48A6-AF98-18555268E218}"
EndProject
Global
	GlobalSection(SolutionConfigurationPlatforms) = preSolution
		Debug|Any CPU = Debug|Any CPU
		Release|Any CPU = Release|Any CPU
	EndGlobalSection
	GlobalSection(ProjectConfigurationPlatforms) = postSolution
		{FC66FB4C-AC6E-48A6-AF98-18555268E218}.Debug|Any CPU.ActiveCfg = Debug|Any CPU
		{FC66FB4C-AC6E-48A6-AF98-18555268E218}.Debug|Any CPU.Build.0 = Debug|Any CPU
		{FC66FB4C-AC6E-48A6-AF98-18555268E218}.Release|Any CPU.ActiveCfg = Release|Any CPU
		{FC66FB4C-AC6E-48A6-AF98-18555268E218}.Release|Any CPU.Build.0 = Release|Any CPU
	EndGlobalSection
	GlobalSection(SolutionProperties) = preSolution
		HideSolutionNode = FALSE
	EndGlobalSection
	GlobalSection(ExtensibilityGlobals) = postSolution
		SolutionGuid = {81D1B2AD-CAAD-4B6E-92C0-35246386C51D}
	EndGlobalSection
EndGlobal
